// !$*UTF8*$!
{
	archiveVersion = 1;
	classes = {
	};
	objectVersion = 46;
	objects = {

/* Begin PBXBuildFile section */
		5B003DFF19D2EC7700142BE0 /* chevron.png in Resources */ = {isa = PBXBuildFile; fileRef = 5B003DFC19D2EC7700142BE0 /* chevron.png */; };
		5B003E0019D2EC7700142BE0 /* chevron@2x.png in Resources */ = {isa = PBXBuildFile; fileRef = 5B003DFD19D2EC7700142BE0 /* chevron@2x.png */; };
		5B003E0119D2EC7700142BE0 /* chevron@3x.png in Resources */ = {isa = PBXBuildFile; fileRef = 5B003DFE19D2EC7700142BE0 /* chevron@3x.png */; };
		5B08AA3F19C98BF3004DD968 /* DataEntryCell.m in Sources */ = {isa = PBXBuildFile; fileRef = 5B08AA3E19C98BF3004DD968 /* DataEntryCell.m */; };
		5B41798119D17E2700DCCD56 /* PreferenceViewController.m in Sources */ = {isa = PBXBuildFile; fileRef = 5B41798019D17E2700DCCD56 /* PreferenceViewController.m */; };
		5B4205B819D0C0850001B3A4 /* CoreText.framework in Frameworks */ = {isa = PBXBuildFile; fileRef = 5B4205B719D0C0850001B3A4 /* CoreText.framework */; };
		5B4205BE19D0C0A50001B3A4 /* HockeySDK.framework in Frameworks */ = {isa = PBXBuildFile; fileRef = 5B4205BA19D0C0A50001B3A4 /* HockeySDK.framework */; };
		5B4205C019D0C0A50001B3A4 /* HockeySDKResources.bundle in Resources */ = {isa = PBXBuildFile; fileRef = 5B4205BD19D0C0A50001B3A4 /* HockeySDKResources.bundle */; };
		5B46C6ED19C9CE8D00E0789E /* README.md in Resources */ = {isa = PBXBuildFile; fileRef = 5BBD730119C9BFC9001870B2 /* README.md */; };
		5B80E23B19CAD09600834681 /* StatusViewController.m in Sources */ = {isa = PBXBuildFile; fileRef = 5B80E23A19CAD09600834681 /* StatusViewController.m */; };
		5B8E52B219C8511000797C47 /* main.m in Sources */ = {isa = PBXBuildFile; fileRef = 5B8E52B119C8511000797C47 /* main.m */; };
		5B8E52B519C8511000797C47 /* AppDelegate.m in Sources */ = {isa = PBXBuildFile; fileRef = 5B8E52B419C8511000797C47 /* AppDelegate.m */; };
		5B8E52BB19C8511000797C47 /* Main.storyboard in Resources */ = {isa = PBXBuildFile; fileRef = 5B8E52B919C8511000797C47 /* Main.storyboard */; };
		5B8E52BD19C8511000797C47 /* Images.xcassets in Resources */ = {isa = PBXBuildFile; fileRef = 5B8E52BC19C8511000797C47 /* Images.xcassets */; };
		5B8E52C019C8511000797C47 /* LaunchScreen.xib in Resources */ = {isa = PBXBuildFile; fileRef = 5B8E52BE19C8511000797C47 /* LaunchScreen.xib */; };
		5B8E52D719C852CB00797C47 /* ListViewController.m in Sources */ = {isa = PBXBuildFile; fileRef = 5B8E52D619C852CB00797C47 /* ListViewController.m */; };
		5B8E52DA19C8542700797C47 /* DetailViewController.m in Sources */ = {isa = PBXBuildFile; fileRef = 5B8E52D919C8542700797C47 /* DetailViewController.m */; };
		5B8E52E119C85B2200797C47 /* CouchbaseLite.framework in Frameworks */ = {isa = PBXBuildFile; fileRef = 5B8E52E019C85B2200797C47 /* CouchbaseLite.framework */; };
		5B8E52E319C85B2D00797C47 /* libz.dylib in Frameworks */ = {isa = PBXBuildFile; fileRef = 5B8E52E219C85B2D00797C47 /* libz.dylib */; };
		5B8E52E519C85B3600797C47 /* libsqlite3.dylib in Frameworks */ = {isa = PBXBuildFile; fileRef = 5B8E52E419C85B3600797C47 /* libsqlite3.dylib */; };
		5B8E52E719C85B3E00797C47 /* SystemConfiguration.framework in Frameworks */ = {isa = PBXBuildFile; fileRef = 5B8E52E619C85B3E00797C47 /* SystemConfiguration.framework */; };
		5B8E52EB19C875CC00797C47 /* ListCell.m in Sources */ = {isa = PBXBuildFile; fileRef = 5B8E52EA19C875CC00797C47 /* ListCell.m */; };
		5BC9C1C819C9DCED0071BDA4 /* gear_landscape.png in Resources */ = {isa = PBXBuildFile; fileRef = 5BC9C1C019C9DCED0071BDA4 /* gear_landscape.png */; };
		5BC9C1C919C9DCED0071BDA4 /* gear_landscape@2x.png in Resources */ = {isa = PBXBuildFile; fileRef = 5BC9C1C119C9DCED0071BDA4 /* gear_landscape@2x.png */; };
		5BC9C1CA19C9DCED0071BDA4 /* gear.png in Resources */ = {isa = PBXBuildFile; fileRef = 5BC9C1C219C9DCED0071BDA4 /* gear.png */; };
		5BC9C1CB19C9DCED0071BDA4 /* gear@2x.png in Resources */ = {isa = PBXBuildFile; fileRef = 5BC9C1C319C9DCED0071BDA4 /* gear@2x.png */; };
		5BC9C1CC19C9DCED0071BDA4 /* spinner_landscape.png in Resources */ = {isa = PBXBuildFile; fileRef = 5BC9C1C419C9DCED0071BDA4 /* spinner_landscape.png */; };
		5BC9C1CD19C9DCED0071BDA4 /* spinner_landscape@2x.png in Resources */ = {isa = PBXBuildFile; fileRef = 5BC9C1C519C9DCED0071BDA4 /* spinner_landscape@2x.png */; };
		5BC9C1CE19C9DCED0071BDA4 /* spinner.png in Resources */ = {isa = PBXBuildFile; fileRef = 5BC9C1C619C9DCED0071BDA4 /* spinner.png */; };
		5BC9C1CF19C9DCED0071BDA4 /* spinner@2x.png in Resources */ = {isa = PBXBuildFile; fileRef = 5BC9C1C719C9DCED0071BDA4 /* spinner@2x.png */; };
/* End PBXBuildFile section */

/* Begin PBXFileReference section */
		5B003DFC19D2EC7700142BE0 /* chevron.png */ = {isa = PBXFileReference; lastKnownFileType = image.png; path = chevron.png; sourceTree = "<group>"; };
		5B003DFD19D2EC7700142BE0 /* chevron@2x.png */ = {isa = PBXFileReference; lastKnownFileType = image.png; path = "chevron@2x.png"; sourceTree = "<group>"; };
		5B003DFE19D2EC7700142BE0 /* chevron@3x.png */ = {isa = PBXFileReference; lastKnownFileType = image.png; path = "chevron@3x.png"; sourceTree = "<group>"; };
		5B01A02B19D19F72008DE537 /* HealthKit.framework */ = {isa = PBXFileReference; lastKnownFileType = wrapper.framework; name = HealthKit.framework; path = System/Library/Frameworks/HealthKit.framework; sourceTree = SDKROOT; };
		5B08AA3D19C98BF3004DD968 /* DataEntryCell.h */ = {isa = PBXFileReference; fileEncoding = 4; lastKnownFileType = sourcecode.c.h; path = DataEntryCell.h; sourceTree = "<group>"; };
		5B08AA3E19C98BF3004DD968 /* DataEntryCell.m */ = {isa = PBXFileReference; fileEncoding = 4; lastKnownFileType = sourcecode.c.objc; path = DataEntryCell.m; sourceTree = "<group>"; };
		5B41797F19D17E2700DCCD56 /* PreferenceViewController.h */ = {isa = PBXFileReference; fileEncoding = 4; lastKnownFileType = sourcecode.c.h; path = PreferenceViewController.h; sourceTree = "<group>"; };
		5B41798019D17E2700DCCD56 /* PreferenceViewController.m */ = {isa = PBXFileReference; fileEncoding = 4; lastKnownFileType = sourcecode.c.objc; path = PreferenceViewController.m; sourceTree = "<group>"; };
		5B4205B519D0C0790001B3A4 /* CarrierBundleUtilities.dylib */ = {isa = PBXFileReference; lastKnownFileType = "compiled.mach-o.dylib"; name = CarrierBundleUtilities.dylib; path = usr/lib/CarrierBundleUtilities.dylib; sourceTree = SDKROOT; };
		5B4205B719D0C0850001B3A4 /* CoreText.framework */ = {isa = PBXFileReference; lastKnownFileType = wrapper.framework; name = CoreText.framework; path = System/Library/Frameworks/CoreText.framework; sourceTree = SDKROOT; };
		5B4205BA19D0C0A50001B3A4 /* HockeySDK.framework */ = {isa = PBXFileReference; lastKnownFileType = wrapper.framework; path = HockeySDK.framework; sourceTree = "<group>"; };
		5B4205BC19D0C0A50001B3A4 /* HockeySDK.xcconfig */ = {isa = PBXFileReference; fileEncoding = 4; lastKnownFileType = text.xcconfig; path = HockeySDK.xcconfig; sourceTree = "<group>"; };
		5B4205BD19D0C0A50001B3A4 /* HockeySDKResources.bundle */ = {isa = PBXFileReference; lastKnownFileType = "wrapper.plug-in"; path = HockeySDKResources.bundle; sourceTree = "<group>"; };
		5B80E23919CAD09500834681 /* StatusViewController.h */ = {isa = PBXFileReference; fileEncoding = 4; lastKnownFileType = sourcecode.c.h; path = StatusViewController.h; sourceTree = "<group>"; };
		5B80E23A19CAD09600834681 /* StatusViewController.m */ = {isa = PBXFileReference; fileEncoding = 4; lastKnownFileType = sourcecode.c.objc; path = StatusViewController.m; sourceTree = "<group>"; };
		5B8E52AC19C8511000797C47 /* SharedList.app */ = {isa = PBXFileReference; explicitFileType = wrapper.application; includeInIndex = 0; path = SharedList.app; sourceTree = BUILT_PRODUCTS_DIR; };
		5B8E52B019C8511000797C47 /* Info.plist */ = {isa = PBXFileReference; lastKnownFileType = text.plist.xml; path = Info.plist; sourceTree = "<group>"; };
		5B8E52B119C8511000797C47 /* main.m */ = {isa = PBXFileReference; lastKnownFileType = sourcecode.c.objc; path = main.m; sourceTree = "<group>"; };
		5B8E52B319C8511000797C47 /* AppDelegate.h */ = {isa = PBXFileReference; lastKnownFileType = sourcecode.c.h; path = AppDelegate.h; sourceTree = "<group>"; };
		5B8E52B419C8511000797C47 /* AppDelegate.m */ = {isa = PBXFileReference; lastKnownFileType = sourcecode.c.objc; path = AppDelegate.m; sourceTree = "<group>"; };
		5B8E52BA19C8511000797C47 /* Base */ = {isa = PBXFileReference; lastKnownFileType = file.storyboard; name = Base; path = Base.lproj/Main.storyboard; sourceTree = "<group>"; };
		5B8E52BC19C8511000797C47 /* Images.xcassets */ = {isa = PBXFileReference; lastKnownFileType = folder.assetcatalog; path = Images.xcassets; sourceTree = "<group>"; };
		5B8E52BF19C8511000797C47 /* Base */ = {isa = PBXFileReference; lastKnownFileType = file.xib; name = Base; path = Base.lproj/LaunchScreen.xib; sourceTree = "<group>"; };
		5B8E52D519C852CB00797C47 /* ListViewController.h */ = {isa = PBXFileReference; fileEncoding = 4; lastKnownFileType = sourcecode.c.h; path = ListViewController.h; sourceTree = "<group>"; };
		5B8E52D619C852CB00797C47 /* ListViewController.m */ = {isa = PBXFileReference; fileEncoding = 4; lastKnownFileType = sourcecode.c.objc; path = ListViewController.m; sourceTree = "<group>"; };
		5B8E52D819C8542700797C47 /* DetailViewController.h */ = {isa = PBXFileReference; fileEncoding = 4; lastKnownFileType = sourcecode.c.h; path = DetailViewController.h; sourceTree = "<group>"; };
		5B8E52D919C8542700797C47 /* DetailViewController.m */ = {isa = PBXFileReference; fileEncoding = 4; lastKnownFileType = sourcecode.c.objc; path = DetailViewController.m; sourceTree = "<group>"; };
		5B8E52E019C85B2200797C47 /* CouchbaseLite.framework */ = {isa = PBXFileReference; lastKnownFileType = wrapper.framework; name = CouchbaseLite.framework; path = Frameworks/CouchbaseLite.framework; sourceTree = "<group>"; };
		5B8E52E219C85B2D00797C47 /* libz.dylib */ = {isa = PBXFileReference; lastKnownFileType = "compiled.mach-o.dylib"; name = libz.dylib; path = usr/lib/libz.dylib; sourceTree = SDKROOT; };
		5B8E52E419C85B3600797C47 /* libsqlite3.dylib */ = {isa = PBXFileReference; lastKnownFileType = "compiled.mach-o.dylib"; name = libsqlite3.dylib; path = usr/lib/libsqlite3.dylib; sourceTree = SDKROOT; };
		5B8E52E619C85B3E00797C47 /* SystemConfiguration.framework */ = {isa = PBXFileReference; lastKnownFileType = wrapper.framework; name = SystemConfiguration.framework; path = System/Library/Frameworks/SystemConfiguration.framework; sourceTree = SDKROOT; };
		5B8E52E919C875CC00797C47 /* ListCell.h */ = {isa = PBXFileReference; fileEncoding = 4; lastKnownFileType = sourcecode.c.h; path = ListCell.h; sourceTree = "<group>"; };
		5B8E52EA19C875CC00797C47 /* ListCell.m */ = {isa = PBXFileReference; fileEncoding = 4; lastKnownFileType = sourcecode.c.objc; path = ListCell.m; sourceTree = "<group>"; };
		5BBD730119C9BFC9001870B2 /* README.md */ = {isa = PBXFileReference; fileEncoding = 4; lastKnownFileType = net.daringfireball.markdown; path = README.md; sourceTree = "<group>"; };
		5BC9C1C019C9DCED0071BDA4 /* gear_landscape.png */ = {isa = PBXFileReference; lastKnownFileType = image.png; path = gear_landscape.png; sourceTree = "<group>"; };
		5BC9C1C119C9DCED0071BDA4 /* gear_landscape@2x.png */ = {isa = PBXFileReference; lastKnownFileType = image.png; path = "gear_landscape@2x.png"; sourceTree = "<group>"; };
		5BC9C1C219C9DCED0071BDA4 /* gear.png */ = {isa = PBXFileReference; lastKnownFileType = image.png; path = gear.png; sourceTree = "<group>"; };
		5BC9C1C319C9DCED0071BDA4 /* gear@2x.png */ = {isa = PBXFileReference; lastKnownFileType = image.png; path = "gear@2x.png"; sourceTree = "<group>"; };
		5BC9C1C419C9DCED0071BDA4 /* spinner_landscape.png */ = {isa = PBXFileReference; lastKnownFileType = image.png; path = spinner_landscape.png; sourceTree = "<group>"; };
		5BC9C1C519C9DCED0071BDA4 /* spinner_landscape@2x.png */ = {isa = PBXFileReference; lastKnownFileType = image.png; path = "spinner_landscape@2x.png"; sourceTree = "<group>"; };
		5BC9C1C619C9DCED0071BDA4 /* spinner.png */ = {isa = PBXFileReference; lastKnownFileType = image.png; path = spinner.png; sourceTree = "<group>"; };
		5BC9C1C719C9DCED0071BDA4 /* spinner@2x.png */ = {isa = PBXFileReference; lastKnownFileType = image.png; path = "spinner@2x.png"; sourceTree = "<group>"; };
/* End PBXFileReference section */

/* Begin PBXFrameworksBuildPhase section */
		5B8E52A919C8511000797C47 /* Frameworks */ = {
			isa = PBXFrameworksBuildPhase;
			buildActionMask = 2147483647;
			files = (
				5B4205B819D0C0850001B3A4 /* CoreText.framework in Frameworks */,
				5B8E52E719C85B3E00797C47 /* SystemConfiguration.framework in Frameworks */,
				5B4205BE19D0C0A50001B3A4 /* HockeySDK.framework in Frameworks */,
				5B8E52E519C85B3600797C47 /* libsqlite3.dylib in Frameworks */,
				5B8E52E319C85B2D00797C47 /* libz.dylib in Frameworks */,
				5B8E52E119C85B2200797C47 /* CouchbaseLite.framework in Frameworks */,
			);
			runOnlyForDeploymentPostprocessing = 0;
		};
/* End PBXFrameworksBuildPhase section */

/* Begin PBXGroup section */
		5B4205B919D0C0A50001B3A4 /* HockeySDK.embeddedframework */ = {
			isa = PBXGroup;
			children = (
				5B4205BA19D0C0A50001B3A4 /* HockeySDK.framework */,
				5B4205BB19D0C0A50001B3A4 /* Resources */,
			);
			name = HockeySDK.embeddedframework;
			path = "HockeySDK-iOS/HockeySDK.embeddedframework";
			sourceTree = "<group>";
		};
		5B4205BB19D0C0A50001B3A4 /* Resources */ = {
			isa = PBXGroup;
			children = (
				5B4205BC19D0C0A50001B3A4 /* HockeySDK.xcconfig */,
				5B4205BD19D0C0A50001B3A4 /* HockeySDKResources.bundle */,
			);
			path = Resources;
			sourceTree = "<group>";
		};
		5B8E52A319C8511000797C47 = {
			isa = PBXGroup;
			children = (
				5B8E52AE19C8511000797C47 /* SharedList */,
				5B8E52AD19C8511000797C47 /* Products */,
				5BBD730119C9BFC9001870B2 /* README.md */,
				5B8E52E819C85F5100797C47 /* Frameworks */,
			);
			sourceTree = "<group>";
		};
		5B8E52AD19C8511000797C47 /* Products */ = {
			isa = PBXGroup;
			children = (
				5B8E52AC19C8511000797C47 /* SharedList.app */,
			);
			name = Products;
			sourceTree = "<group>";
		};
		5B8E52AE19C8511000797C47 /* SharedList */ = {
			isa = PBXGroup;
			children = (
				5B003DFC19D2EC7700142BE0 /* chevron.png */,
				5B003DFD19D2EC7700142BE0 /* chevron@2x.png */,
				5B003DFE19D2EC7700142BE0 /* chevron@3x.png */,
				5BC9C1C019C9DCED0071BDA4 /* gear_landscape.png */,
				5BC9C1C119C9DCED0071BDA4 /* gear_landscape@2x.png */,
				5BC9C1C219C9DCED0071BDA4 /* gear.png */,
				5BC9C1C319C9DCED0071BDA4 /* gear@2x.png */,
				5BC9C1C419C9DCED0071BDA4 /* spinner_landscape.png */,
				5BC9C1C519C9DCED0071BDA4 /* spinner_landscape@2x.png */,
				5BC9C1C619C9DCED0071BDA4 /* spinner.png */,
				5BC9C1C719C9DCED0071BDA4 /* spinner@2x.png */,
				5B8E52B319C8511000797C47 /* AppDelegate.h */,
				5B8E52B419C8511000797C47 /* AppDelegate.m */,
				5B8E52B919C8511000797C47 /* Main.storyboard */,
				5B8E52BC19C8511000797C47 /* Images.xcassets */,
				5B8E52BE19C8511000797C47 /* LaunchScreen.xib */,
				5B8E52AF19C8511000797C47 /* Supporting Files */,
				5B8E52D519C852CB00797C47 /* ListViewController.h */,
				5B8E52D619C852CB00797C47 /* ListViewController.m */,
				5B8E52D819C8542700797C47 /* DetailViewController.h */,
				5B8E52D919C8542700797C47 /* DetailViewController.m */,
				5B41797F19D17E2700DCCD56 /* PreferenceViewController.h */,
				5B41798019D17E2700DCCD56 /* PreferenceViewController.m */,
				5B8E52E919C875CC00797C47 /* ListCell.h */,
				5B8E52EA19C875CC00797C47 /* ListCell.m */,
				5B08AA3D19C98BF3004DD968 /* DataEntryCell.h */,
				5B08AA3E19C98BF3004DD968 /* DataEntryCell.m */,
				5B80E23919CAD09500834681 /* StatusViewController.h */,
				5B80E23A19CAD09600834681 /* StatusViewController.m */,
			);
			path = SharedList;
			sourceTree = "<group>";
		};
		5B8E52AF19C8511000797C47 /* Supporting Files */ = {
			isa = PBXGroup;
			children = (
				5B8E52B019C8511000797C47 /* Info.plist */,
				5B8E52B119C8511000797C47 /* main.m */,
			);
			name = "Supporting Files";
			sourceTree = "<group>";
		};
		5B8E52E819C85F5100797C47 /* Frameworks */ = {
			isa = PBXGroup;
			children = (
				5B01A02B19D19F72008DE537 /* HealthKit.framework */,
				5B4205B919D0C0A50001B3A4 /* HockeySDK.embeddedframework */,
				5B4205B719D0C0850001B3A4 /* CoreText.framework */,
				5B4205B519D0C0790001B3A4 /* CarrierBundleUtilities.dylib */,
				5B8E52E619C85B3E00797C47 /* SystemConfiguration.framework */,
				5B8E52E419C85B3600797C47 /* libsqlite3.dylib */,
				5B8E52E219C85B2D00797C47 /* libz.dylib */,
				5B8E52E019C85B2200797C47 /* CouchbaseLite.framework */,
			);
			name = Frameworks;
			sourceTree = "<group>";
		};
/* End PBXGroup section */

/* Begin PBXNativeTarget section */
		5B8E52AB19C8511000797C47 /* SharedList */ = {
			isa = PBXNativeTarget;
			buildConfigurationList = 5B8E52CF19C8511000797C47 /* Build configuration list for PBXNativeTarget "SharedList" */;
			buildPhases = (
				5B8E52A819C8511000797C47 /* Sources */,
				5B8E52A919C8511000797C47 /* Frameworks */,
				5B8E52AA19C8511000797C47 /* Resources */,
				5B4205B419D0C0530001B3A4 /* ShellScript */,
			);
			buildRules = (
			);
			dependencies = (
			);
			name = SharedList;
			productName = SharedList;
			productReference = 5B8E52AC19C8511000797C47 /* SharedList.app */;
			productType = "com.apple.product-type.application";
		};
/* End PBXNativeTarget section */

/* Begin PBXProject section */
		5B8E52A419C8511000797C47 /* Project object */ = {
			isa = PBXProject;
			attributes = {
				LastUpgradeCheck = 0720;
				ORGANIZATIONNAME = "JAKOTA Design Group";
				TargetAttributes = {
					5B8E52AB19C8511000797C47 = {
						CreatedOnToolsVersion = 6.0;
						DevelopmentTeam = UQ24M9LT38;
					};
				};
			};
			buildConfigurationList = 5B8E52A719C8511000797C47 /* Build configuration list for PBXProject "SharedList" */;
			compatibilityVersion = "Xcode 3.2";
			developmentRegion = English;
			hasScannedForEncodings = 0;
			knownRegions = (
				en,
				Base,
			);
			mainGroup = 5B8E52A319C8511000797C47;
			productRefGroup = 5B8E52AD19C8511000797C47 /* Products */;
			projectDirPath = "";
			projectRoot = "";
			targets = (
				5B8E52AB19C8511000797C47 /* SharedList */,
			);
		};
/* End PBXProject section */

/* Begin PBXResourcesBuildPhase section */
		5B8E52AA19C8511000797C47 /* Resources */ = {
			isa = PBXResourcesBuildPhase;
			buildActionMask = 2147483647;
			files = (
				5B003E0019D2EC7700142BE0 /* chevron@2x.png in Resources */,
				5BC9C1CE19C9DCED0071BDA4 /* spinner.png in Resources */,
				5B46C6ED19C9CE8D00E0789E /* README.md in Resources */,
				5BC9C1CA19C9DCED0071BDA4 /* gear.png in Resources */,
				5B003E0119D2EC7700142BE0 /* chevron@3x.png in Resources */,
				5BC9C1C919C9DCED0071BDA4 /* gear_landscape@2x.png in Resources */,
				5B8E52BB19C8511000797C47 /* Main.storyboard in Resources */,
				5B8E52C019C8511000797C47 /* LaunchScreen.xib in Resources */,
				5BC9C1CF19C9DCED0071BDA4 /* spinner@2x.png in Resources */,
				5B8E52BD19C8511000797C47 /* Images.xcassets in Resources */,
				5BC9C1C819C9DCED0071BDA4 /* gear_landscape.png in Resources */,
				5B003DFF19D2EC7700142BE0 /* chevron.png in Resources */,
				5B4205C019D0C0A50001B3A4 /* HockeySDKResources.bundle in Resources */,
				5BC9C1CB19C9DCED0071BDA4 /* gear@2x.png in Resources */,
				5BC9C1CD19C9DCED0071BDA4 /* spinner_landscape@2x.png in Resources */,
				5BC9C1CC19C9DCED0071BDA4 /* spinner_landscape.png in Resources */,
			);
			runOnlyForDeploymentPostprocessing = 0;
		};
/* End PBXResourcesBuildPhase section */

/* Begin PBXShellScriptBuildPhase section */
		5B4205B419D0C0530001B3A4 /* ShellScript */ = {
			isa = PBXShellScriptBuildPhase;
			buildActionMask = 2147483647;
			files = (
			);
			inputPaths = (
			);
			outputPaths = (
			);
			runOnlyForDeploymentPostprocessing = 0;
			shellPath = /bin/sh;
			shellScript = "FILE=\"${SRCROOT}/HockeySDK-iOS/BuildAgent\"\nif [ -f \"$FILE\" ]; then\n\"$FILE\"\nfi";
		};
/* End PBXShellScriptBuildPhase section */

/* Begin PBXSourcesBuildPhase section */
		5B8E52A819C8511000797C47 /* Sources */ = {
			isa = PBXSourcesBuildPhase;
			buildActionMask = 2147483647;
			files = (
				5B8E52B519C8511000797C47 /* AppDelegate.m in Sources */,
				5B8E52EB19C875CC00797C47 /* ListCell.m in Sources */,
				5B8E52B219C8511000797C47 /* main.m in Sources */,
				5B41798119D17E2700DCCD56 /* PreferenceViewController.m in Sources */,
				5B80E23B19CAD09600834681 /* StatusViewController.m in Sources */,
				5B8E52D719C852CB00797C47 /* ListViewController.m in Sources */,
				5B8E52DA19C8542700797C47 /* DetailViewController.m in Sources */,
				5B08AA3F19C98BF3004DD968 /* DataEntryCell.m in Sources */,
			);
			runOnlyForDeploymentPostprocessing = 0;
		};
/* End PBXSourcesBuildPhase section */

/* Begin PBXVariantGroup section */
		5B8E52B919C8511000797C47 /* Main.storyboard */ = {
			isa = PBXVariantGroup;
			children = (
				5B8E52BA19C8511000797C47 /* Base */,
			);
			name = Main.storyboard;
			sourceTree = "<group>";
		};
		5B8E52BE19C8511000797C47 /* LaunchScreen.xib */ = {
			isa = PBXVariantGroup;
			children = (
				5B8E52BF19C8511000797C47 /* Base */,
			);
			name = LaunchScreen.xib;
			sourceTree = "<group>";
		};
/* End PBXVariantGroup section */

/* Begin XCBuildConfiguration section */
		5B8E52CD19C8511000797C47 /* Debug */ = {
			isa = XCBuildConfiguration;
			buildSettings = {
				ALWAYS_SEARCH_USER_PATHS = NO;
				CLANG_CXX_LANGUAGE_STANDARD = "gnu++0x";
				CLANG_CXX_LIBRARY = "libc++";
				CLANG_ENABLE_MODULES = YES;
				CLANG_ENABLE_OBJC_ARC = YES;
				CLANG_WARN_BOOL_CONVERSION = YES;
				CLANG_WARN_CONSTANT_CONVERSION = YES;
				CLANG_WARN_DIRECT_OBJC_ISA_USAGE = YES_ERROR;
				CLANG_WARN_EMPTY_BODY = YES;
				CLANG_WARN_ENUM_CONVERSION = YES;
				CLANG_WARN_INT_CONVERSION = YES;
				CLANG_WARN_OBJC_ROOT_CLASS = YES_ERROR;
				CLANG_WARN_UNREACHABLE_CODE = YES;
				CLANG_WARN__DUPLICATE_METHOD_MATCH = YES;
				"CODE_SIGN_IDENTITY[sdk=iphoneos*]" = "iPhone Developer";
				COPY_PHASE_STRIP = NO;
				ENABLE_STRICT_OBJC_MSGSEND = YES;
				ENABLE_TESTABILITY = YES;
				GCC_C_LANGUAGE_STANDARD = gnu99;
				GCC_DYNAMIC_NO_PIC = NO;
				GCC_OPTIMIZATION_LEVEL = 0;
				GCC_PREPROCESSOR_DEFINITIONS = (
					"DEBUG=1",
					"$(inherited)",
				);
				GCC_SYMBOLS_PRIVATE_EXTERN = NO;
				GCC_WARN_64_TO_32_BIT_CONVERSION = YES;
				GCC_WARN_ABOUT_RETURN_TYPE = YES_ERROR;
				GCC_WARN_UNDECLARED_SELECTOR = YES;
				GCC_WARN_UNINITIALIZED_AUTOS = YES_AGGRESSIVE;
				GCC_WARN_UNUSED_FUNCTION = YES;
				GCC_WARN_UNUSED_VARIABLE = YES;
				IPHONEOS_DEPLOYMENT_TARGET = 8.0;
				MTL_ENABLE_DEBUG_INFO = YES;
				ONLY_ACTIVE_ARCH = YES;
				SDKROOT = iphoneos;
			};
			name = Debug;
		};
		5B8E52CE19C8511000797C47 /* Release */ = {
			isa = XCBuildConfiguration;
			buildSettings = {
				ALWAYS_SEARCH_USER_PATHS = NO;
				CLANG_CXX_LANGUAGE_STANDARD = "gnu++0x";
				CLANG_CXX_LIBRARY = "libc++";
				CLANG_ENABLE_MODULES = YES;
				CLANG_ENABLE_OBJC_ARC = YES;
				CLANG_WARN_BOOL_CONVERSION = YES;
				CLANG_WARN_CONSTANT_CONVERSION = YES;
				CLANG_WARN_DIRECT_OBJC_ISA_USAGE = YES_ERROR;
				CLANG_WARN_EMPTY_BODY = YES;
				CLANG_WARN_ENUM_CONVERSION = YES;
				CLANG_WARN_INT_CONVERSION = YES;
				CLANG_WARN_OBJC_ROOT_CLASS = YES_ERROR;
				CLANG_WARN_UNREACHABLE_CODE = YES;
				CLANG_WARN__DUPLICATE_METHOD_MATCH = YES;
				"CODE_SIGN_IDENTITY[sdk=iphoneos*]" = "iPhone Developer";
				COPY_PHASE_STRIP = YES;
				ENABLE_NS_ASSERTIONS = NO;
				ENABLE_STRICT_OBJC_MSGSEND = YES;
				GCC_C_LANGUAGE_STANDARD = gnu99;
				GCC_WARN_64_TO_32_BIT_CONVERSION = YES;
				GCC_WARN_ABOUT_RETURN_TYPE = YES_ERROR;
				GCC_WARN_UNDECLARED_SELECTOR = YES;
				GCC_WARN_UNINITIALIZED_AUTOS = YES_AGGRESSIVE;
				GCC_WARN_UNUSED_FUNCTION = YES;
				GCC_WARN_UNUSED_VARIABLE = YES;
				IPHONEOS_DEPLOYMENT_TARGET = 8.0;
				MTL_ENABLE_DEBUG_INFO = NO;
				SDKROOT = iphoneos;
				VALIDATE_PRODUCT = YES;
			};
			name = Release;
		};
		5B8E52D019C8511000797C47 /* Debug */ = {
			isa = XCBuildConfiguration;
			buildSettings = {
				ASSETCATALOG_COMPILER_APPICON_NAME = AppIcon;
				CODE_SIGN_IDENTITY = "iPhone Developer";
				"CODE_SIGN_IDENTITY[sdk=iphoneos*]" = "iPhone Developer";
				ENABLE_BITCODE = NO;
				FRAMEWORK_SEARCH_PATHS = (
					"$(inherited)",
					"$(PROJECT_DIR)/Frameworks",
					"$(PROJECT_DIR)/HockeySDK-iOS/HockeySDK.embeddedframework",
				);
				INFOPLIST_FILE = SharedList/Info.plist;
				IPHONEOS_DEPLOYMENT_TARGET = 7.1;
				LD_RUNPATH_SEARCH_PATHS = "$(inherited) @executable_path/Frameworks";
				OTHER_LDFLAGS = "-ObjC";
				PRODUCT_BUNDLE_IDENTIFIER = "de.jakota.$(PRODUCT_NAME:rfc1034identifier)";
				PRODUCT_NAME = "$(TARGET_NAME)";
				PROVISIONING_PROFILE = "";
			};
			name = Debug;
		};
		5B8E52D119C8511000797C47 /* Release */ = {
			isa = XCBuildConfiguration;
			buildSettings = {
				ASSETCATALOG_COMPILER_APPICON_NAME = AppIcon;
				CODE_SIGN_IDENTITY = "iPhone Developer";
				"CODE_SIGN_IDENTITY[sdk=iphoneos*]" = "iPhone Developer";
				ENABLE_BITCODE = NO;
				FRAMEWORK_SEARCH_PATHS = (
					"$(inherited)",
					"$(PROJECT_DIR)/Frameworks",
					"$(PROJECT_DIR)/HockeySDK-iOS/HockeySDK.embeddedframework",
				);
				INFOPLIST_FILE = SharedList/Info.plist;
				IPHONEOS_DEPLOYMENT_TARGET = 7.1;
				LD_RUNPATH_SEARCH_PATHS = "$(inherited) @executable_path/Frameworks";
				OTHER_LDFLAGS = "-ObjC";
				PRODUCT_BUNDLE_IDENTIFIER = "de.jakota.$(PRODUCT_NAME:rfc1034identifier)";
				PRODUCT_NAME = "$(TARGET_NAME)";
				PROVISIONING_PROFILE = "";
			};
			name = Release;
		};
/* End XCBuildConfiguration section */

/* Begin XCConfigurationList section */
		5B8E52A719C8511000797C47 /* Build configuration list for PBXProject "SharedList" */ = {
			isa = XCConfigurationList;
			buildConfigurations = (
				5B8E52CD19C8511000797C47 /* Debug */,
				5B8E52CE19C8511000797C47 /* Release */,
			);
			defaultConfigurationIsVisible = 0;
			defaultConfigurationName = Release;
		};
		5B8E52CF19C8511000797C47 /* Build configuration list for PBXNativeTarget "SharedList" */ = {
			isa = XCConfigurationList;
			buildConfigurations = (
				5B8E52D019C8511000797C47 /* Debug */,
				5B8E52D119C8511000797C47 /* Release */,
			);
			defaultConfigurationIsVisible = 0;
			defaultConfigurationName = Release;
		};
/* End XCConfigurationList section */
	};
	rootObject = 5B8E52A419C8511000797C47 /* Project object */;
}
